// !$*UTF8*$!
{
	archiveVersion = 1;
	classes = {
	};
	objectVersion = 50;
	objects = {

/* Begin PBXBuildFile section */
		3766299B25A9A093001D7EC8 /* KBLocalizationApp.swift in Sources */ = {isa = PBXBuildFile; fileRef = 3766299A25A9A093001D7EC8 /* KBLocalizationApp.swift */; };
		3766299D25A9A093001D7EC8 /* ContentView.swift in Sources */ = {isa = PBXBuildFile; fileRef = 3766299C25A9A093001D7EC8 /* ContentView.swift */; };
		3766299F25A9A097001D7EC8 /* Assets.xcassets in Resources */ = {isa = PBXBuildFile; fileRef = 3766299E25A9A097001D7EC8 /* Assets.xcassets */; };
		376629A225A9A097001D7EC8 /* Preview Assets.xcassets in Resources */ = {isa = PBXBuildFile; fileRef = 376629A125A9A097001D7EC8 /* Preview Assets.xcassets */; };
		376629AD25A9A097001D7EC8 /* KBLocalizationTests.swift in Sources */ = {isa = PBXBuildFile; fileRef = 376629AC25A9A097001D7EC8 /* KBLocalizationTests.swift */; };
		376629B825A9A097001D7EC8 /* KBLocalizationUITests.swift in Sources */ = {isa = PBXBuildFile; fileRef = 376629B725A9A097001D7EC8 /* KBLocalizationUITests.swift */; };
/* End PBXBuildFile section */

/* Begin PBXContainerItemProxy section */
		376629A925A9A097001D7EC8 /* PBXContainerItemProxy */ = {
			isa = PBXContainerItemProxy;
			containerPortal = 3766298F25A9A093001D7EC8 /* Project object */;
			proxyType = 1;
			remoteGlobalIDString = 3766299625A9A093001D7EC8;
			remoteInfo = KBLocalization;
		};
		376629B425A9A097001D7EC8 /* PBXContainerItemProxy */ = {
			isa = PBXContainerItemProxy;
			containerPortal = 3766298F25A9A093001D7EC8 /* Project object */;
			proxyType = 1;
			remoteGlobalIDString = 3766299625A9A093001D7EC8;
			remoteInfo = KBLocalization;
		};
/* End PBXContainerItemProxy section */

/* Begin PBXFileReference section */
		3766299725A9A093001D7EC8 /* KBLocalization.app */ = {isa = PBXFileReference; explicitFileType = wrapper.application; includeInIndex = 0; path = KBLocalization.app; sourceTree = BUILT_PRODUCTS_DIR; };
		3766299A25A9A093001D7EC8 /* KBLocalizationApp.swift */ = {isa = PBXFileReference; lastKnownFileType = sourcecode.swift; path = KBLocalizationApp.swift; sourceTree = "<group>"; };
		3766299C25A9A093001D7EC8 /* ContentView.swift */ = {isa = PBXFileReference; lastKnownFileType = sourcecode.swift; path = ContentView.swift; sourceTree = "<group>"; };
		3766299E25A9A097001D7EC8 /* Assets.xcassets */ = {isa = PBXFileReference; lastKnownFileType = folder.assetcatalog; path = Assets.xcassets; sourceTree = "<group>"; };
		376629A125A9A097001D7EC8 /* Preview Assets.xcassets */ = {isa = PBXFileReference; lastKnownFileType = folder.assetcatalog; path = "Preview Assets.xcassets"; sourceTree = "<group>"; };
		376629A325A9A097001D7EC8 /* Info.plist */ = {isa = PBXFileReference; lastKnownFileType = text.plist.xml; path = Info.plist; sourceTree = "<group>"; };
		376629A825A9A097001D7EC8 /* KBLocalizationTests.xctest */ = {isa = PBXFileReference; explicitFileType = wrapper.cfbundle; includeInIndex = 0; path = KBLocalizationTests.xctest; sourceTree = BUILT_PRODUCTS_DIR; };
		376629AC25A9A097001D7EC8 /* KBLocalizationTests.swift */ = {isa = PBXFileReference; lastKnownFileType = sourcecode.swift; path = KBLocalizationTests.swift; sourceTree = "<group>"; };
		376629AE25A9A097001D7EC8 /* Info.plist */ = {isa = PBXFileReference; lastKnownFileType = text.plist.xml; path = Info.plist; sourceTree = "<group>"; };
		376629B325A9A097001D7EC8 /* KBLocalizationUITests.xctest */ = {isa = PBXFileReference; explicitFileType = wrapper.cfbundle; includeInIndex = 0; path = KBLocalizationUITests.xctest; sourceTree = BUILT_PRODUCTS_DIR; };
		376629B725A9A097001D7EC8 /* KBLocalizationUITests.swift */ = {isa = PBXFileReference; lastKnownFileType = sourcecode.swift; path = KBLocalizationUITests.swift; sourceTree = "<group>"; };
		376629B925A9A097001D7EC8 /* Info.plist */ = {isa = PBXFileReference; lastKnownFileType = text.plist.xml; path = Info.plist; sourceTree = "<group>"; };
/* End PBXFileReference section */

/* Begin PBXFrameworksBuildPhase section */
		3766299425A9A093001D7EC8 /* Frameworks */ = {
			isa = PBXFrameworksBuildPhase;
			buildActionMask = 2147483647;
			files = (
			);
			runOnlyForDeploymentPostprocessing = 0;
		};
		376629A525A9A097001D7EC8 /* Frameworks */ = {
			isa = PBXFrameworksBuildPhase;
			buildActionMask = 2147483647;
			files = (
			);
			runOnlyForDeploymentPostprocessing = 0;
		};
		376629B025A9A097001D7EC8 /* Frameworks */ = {
			isa = PBXFrameworksBuildPhase;
			buildActionMask = 2147483647;
			files = (
			);
			runOnlyForDeploymentPostprocessing = 0;
		};
/* End PBXFrameworksBuildPhase section */

/* Begin PBXGroup section */
		3766298E25A9A093001D7EC8 = {
			isa = PBXGroup;
			children = (
				3766299925A9A093001D7EC8 /* KBLocalization */,
				376629AB25A9A097001D7EC8 /* KBLocalizationTests */,
				376629B625A9A097001D7EC8 /* KBLocalizationUITests */,
				3766299825A9A093001D7EC8 /* Products */,
			);
			sourceTree = "<group>";
		};
		3766299825A9A093001D7EC8 /* Products */ = {
			isa = PBXGroup;
			children = (
				3766299725A9A093001D7EC8 /* KBLocalization.app */,
				376629A825A9A097001D7EC8 /* KBLocalizationTests.xctest */,
				376629B325A9A097001D7EC8 /* KBLocalizationUITests.xctest */,
			);
			name = Products;
			sourceTree = "<group>";
		};
		3766299925A9A093001D7EC8 /* KBLocalization */ = {
			isa = PBXGroup;
			children = (
				3766299A25A9A093001D7EC8 /* KBLocalizationApp.swift */,
				3766299C25A9A093001D7EC8 /* ContentView.swift */,
				3766299E25A9A097001D7EC8 /* Assets.xcassets */,
				376629A325A9A097001D7EC8 /* Info.plist */,
				376629A025A9A097001D7EC8 /* Preview Content */,
			);
			path = KBLocalization;
			sourceTree = "<group>";
		};
		376629A025A9A097001D7EC8 /* Preview Content */ = {
			isa = PBXGroup;
			children = (
				376629A125A9A097001D7EC8 /* Preview Assets.xcassets */,
			);
			path = "Preview Content";
			sourceTree = "<group>";
		};
		376629AB25A9A097001D7EC8 /* KBLocalizationTests */ = {
			isa = PBXGroup;
			children = (
				376629AC25A9A097001D7EC8 /* KBLocalizationTests.swift */,
				376629AE25A9A097001D7EC8 /* Info.plist */,
			);
			path = KBLocalizationTests;
			sourceTree = "<group>";
		};
		376629B625A9A097001D7EC8 /* KBLocalizationUITests */ = {
			isa = PBXGroup;
			children = (
				376629B725A9A097001D7EC8 /* KBLocalizationUITests.swift */,
				376629B925A9A097001D7EC8 /* Info.plist */,
			);
			path = KBLocalizationUITests;
			sourceTree = "<group>";
		};
/* End PBXGroup section */

/* Begin PBXNativeTarget section */
		3766299625A9A093001D7EC8 /* KBLocalization */ = {
			isa = PBXNativeTarget;
			buildConfigurationList = 376629BC25A9A097001D7EC8 /* Build configuration list for PBXNativeTarget "KBLocalization" */;
			buildPhases = (
				3766299325A9A093001D7EC8 /* Sources */,
				3766299425A9A093001D7EC8 /* Frameworks */,
				3766299525A9A093001D7EC8 /* Resources */,
			);
			buildRules = (
			);
			dependencies = (
			);
			name = KBLocalization;
			productName = KBLocalization;
			productReference = 3766299725A9A093001D7EC8 /* KBLocalization.app */;
			productType = "com.apple.product-type.application";
		};
		376629A725A9A097001D7EC8 /* KBLocalizationTests */ = {
			isa = PBXNativeTarget;
			buildConfigurationList = 376629BF25A9A097001D7EC8 /* Build configuration list for PBXNativeTarget "KBLocalizationTests" */;
			buildPhases = (
				376629A425A9A097001D7EC8 /* Sources */,
				376629A525A9A097001D7EC8 /* Frameworks */,
				376629A625A9A097001D7EC8 /* Resources */,
			);
			buildRules = (
			);
			dependencies = (
				376629AA25A9A097001D7EC8 /* PBXTargetDependency */,
			);
			name = KBLocalizationTests;
			productName = KBLocalizationTests;
			productReference = 376629A825A9A097001D7EC8 /* KBLocalizationTests.xctest */;
			productType = "com.apple.product-type.bundle.unit-test";
		};
		376629B225A9A097001D7EC8 /* KBLocalizationUITests */ = {
			isa = PBXNativeTarget;
			buildConfigurationList = 376629C225A9A097001D7EC8 /* Build configuration list for PBXNativeTarget "KBLocalizationUITests" */;
			buildPhases = (
				376629AF25A9A097001D7EC8 /* Sources */,
				376629B025A9A097001D7EC8 /* Frameworks */,
				376629B125A9A097001D7EC8 /* Resources */,
			);
			buildRules = (
			);
			dependencies = (
				376629B525A9A097001D7EC8 /* PBXTargetDependency */,
			);
			name = KBLocalizationUITests;
			productName = KBLocalizationUITests;
			productReference = 376629B325A9A097001D7EC8 /* KBLocalizationUITests.xctest */;
			productType = "com.apple.product-type.bundle.ui-testing";
		};
/* End PBXNativeTarget section */

/* Begin PBXProject section */
		3766298F25A9A093001D7EC8 /* Project object */ = {
			isa = PBXProject;
			attributes = {
				LastSwiftUpdateCheck = 1220;
				LastUpgradeCheck = 1220;
				TargetAttributes = {
					3766299625A9A093001D7EC8 = {
						CreatedOnToolsVersion = 12.2;
					};
					376629A725A9A097001D7EC8 = {
						CreatedOnToolsVersion = 12.2;
						TestTargetID = 3766299625A9A093001D7EC8;
					};
					376629B225A9A097001D7EC8 = {
						CreatedOnToolsVersion = 12.2;
						TestTargetID = 3766299625A9A093001D7EC8;
					};
				};
			};
			buildConfigurationList = 3766299225A9A093001D7EC8 /* Build configuration list for PBXProject "KBLocalization" */;
			compatibilityVersion = "Xcode 9.3";
			developmentRegion = en;
			hasScannedForEncodings = 0;
			knownRegions = (
				en,
				Base,
			);
			mainGroup = 3766298E25A9A093001D7EC8;
			productRefGroup = 3766299825A9A093001D7EC8 /* Products */;
			projectDirPath = "";
			projectRoot = "";
			targets = (
				3766299625A9A093001D7EC8 /* KBLocalization */,
				376629A725A9A097001D7EC8 /* KBLocalizationTests */,
				376629B225A9A097001D7EC8 /* KBLocalizationUITests */,
			);
		};
/* End PBXProject section */

/* Begin PBXResourcesBuildPhase section */
		3766299525A9A093001D7EC8 /* Resources */ = {
			isa = PBXResourcesBuildPhase;
			buildActionMask = 2147483647;
			files = (
				376629A225A9A097001D7EC8 /* Preview Assets.xcassets in Resources */,
				3766299F25A9A097001D7EC8 /* Assets.xcassets in Resources */,
			);
			runOnlyForDeploymentPostprocessing = 0;
		};
		376629A625A9A097001D7EC8 /* Resources */ = {
			isa = PBXResourcesBuildPhase;
			buildActionMask = 2147483647;
			files = (
			);
			runOnlyForDeploymentPostprocessing = 0;
		};
		376629B125A9A097001D7EC8 /* Resources */ = {
			isa = PBXResourcesBuildPhase;
			buildActionMask = 2147483647;
			files = (
			);
			runOnlyForDeploymentPostprocessing = 0;
		};
/* End PBXResourcesBuildPhase section */

/* Begin PBXSourcesBuildPhase section */
		3766299325A9A093001D7EC8 /* Sources */ = {
			isa = PBXSourcesBuildPhase;
			buildActionMask = 2147483647;
			files = (
				3766299D25A9A093001D7EC8 /* ContentView.swift in Sources */,
				3766299B25A9A093001D7EC8 /* KBLocalizationApp.swift in Sources */,
			);
			runOnlyForDeploymentPostprocessing = 0;
		};
		376629A425A9A097001D7EC8 /* Sources */ = {
			isa = PBXSourcesBuildPhase;
			buildActionMask = 2147483647;
			files = (
				376629AD25A9A097001D7EC8 /* KBLocalizationTests.swift in Sources */,
			);
			runOnlyForDeploymentPostprocessing = 0;
		};
		376629AF25A9A097001D7EC8 /* Sources */ = {
			isa = PBXSourcesBuildPhase;
			buildActionMask = 2147483647;
			files = (
				376629B825A9A097001D7EC8 /* KBLocalizationUITests.swift in Sources */,
			);
			runOnlyForDeploymentPostprocessing = 0;
		};
/* End PBXSourcesBuildPhase section */

/* Begin PBXTargetDependency section */
		376629AA25A9A097001D7EC8 /* PBXTargetDependency */ = {
			isa = PBXTargetDependency;
			target = 3766299625A9A093001D7EC8 /* KBLocalization */;
			targetProxy = 376629A925A9A097001D7EC8 /* PBXContainerItemProxy */;
		};
		376629B525A9A097001D7EC8 /* PBXTargetDependency */ = {
			isa = PBXTargetDependency;
			target = 3766299625A9A093001D7EC8 /* KBLocalization */;
			targetProxy = 376629B425A9A097001D7EC8 /* PBXContainerItemProxy */;
		};
/* End PBXTargetDependency section */

/* Begin XCBuildConfiguration section */
		376629BA25A9A097001D7EC8 /* Debug */ = {
			isa = XCBuildConfiguration;
			buildSettings = {
				ALWAYS_SEARCH_USER_PATHS = NO;
				CLANG_ANALYZER_NONNULL = YES;
				CLANG_ANALYZER_NUMBER_OBJECT_CONVERSION = YES_AGGRESSIVE;
				CLANG_CXX_LANGUAGE_STANDARD = "gnu++14";
				CLANG_CXX_LIBRARY = "libc++";
				CLANG_ENABLE_MODULES = YES;
				CLANG_ENABLE_OBJC_ARC = YES;
				CLANG_ENABLE_OBJC_WEAK = YES;
				CLANG_WARN_BLOCK_CAPTURE_AUTORELEASING = YES;
				CLANG_WARN_BOOL_CONVERSION = YES;
				CLANG_WARN_COMMA = YES;
				CLANG_WARN_CONSTANT_CONVERSION = YES;
				CLANG_WARN_DEPRECATED_OBJC_IMPLEMENTATIONS = YES;
				CLANG_WARN_DIRECT_OBJC_ISA_USAGE = YES_ERROR;
				CLANG_WARN_DOCUMENTATION_COMMENTS = YES;
				CLANG_WARN_EMPTY_BODY = YES;
				CLANG_WARN_ENUM_CONVERSION = YES;
				CLANG_WARN_INFINITE_RECURSION = YES;
				CLANG_WARN_INT_CONVERSION = YES;
				CLANG_WARN_NON_LITERAL_NULL_CONVERSION = YES;
				CLANG_WARN_OBJC_IMPLICIT_RETAIN_SELF = YES;
				CLANG_WARN_OBJC_LITERAL_CONVERSION = YES;
				CLANG_WARN_OBJC_ROOT_CLASS = YES_ERROR;
				CLANG_WARN_QUOTED_INCLUDE_IN_FRAMEWORK_HEADER = YES;
				CLANG_WARN_RANGE_LOOP_ANALYSIS = YES;
				CLANG_WARN_STRICT_PROTOTYPES = YES;
				CLANG_WARN_SUSPICIOUS_MOVE = YES;
				CLANG_WARN_UNGUARDED_AVAILABILITY = YES_AGGRESSIVE;
				CLANG_WARN_UNREACHABLE_CODE = YES;
				CLANG_WARN__DUPLICATE_METHOD_MATCH = YES;
				COPY_PHASE_STRIP = NO;
				DEBUG_INFORMATION_FORMAT = dwarf;
				ENABLE_STRICT_OBJC_MSGSEND = YES;
				ENABLE_TESTABILITY = YES;
				GCC_C_LANGUAGE_STANDARD = gnu11;
				GCC_DYNAMIC_NO_PIC = NO;
				GCC_NO_COMMON_BLOCKS = YES;
				GCC_OPTIMIZATION_LEVEL = 0;
				GCC_PREPROCESSOR_DEFINITIONS = (
					"DEBUG=1",
					"$(inherited)",
				);
				GCC_WARN_64_TO_32_BIT_CONVERSION = YES;
				GCC_WARN_ABOUT_RETURN_TYPE = YES_ERROR;
				GCC_WARN_UNDECLARED_SELECTOR = YES;
				GCC_WARN_UNINITIALIZED_AUTOS = YES_AGGRESSIVE;
				GCC_WARN_UNUSED_FUNCTION = YES;
				GCC_WARN_UNUSED_VARIABLE = YES;
				IPHONEOS_DEPLOYMENT_TARGET = 14.2;
				MTL_ENABLE_DEBUG_INFO = INCLUDE_SOURCE;
				MTL_FAST_MATH = YES;
				ONLY_ACTIVE_ARCH = YES;
				SDKROOT = iphoneos;
				SWIFT_ACTIVE_COMPILATION_CONDITIONS = DEBUG;
				SWIFT_OPTIMIZATION_LEVEL = "-Onone";
			};
			name = Debug;
		};
		376629BB25A9A097001D7EC8 /* Release */ = {
			isa = XCBuildConfiguration;
			buildSettings = {
				ALWAYS_SEARCH_USER_PATHS = NO;
				CLANG_ANALYZER_NONNULL = YES;
				CLANG_ANALYZER_NUMBER_OBJECT_CONVERSION = YES_AGGRESSIVE;
				CLANG_CXX_LANGUAGE_STANDARD = "gnu++14";
				CLANG_CXX_LIBRARY = "libc++";
				CLANG_ENABLE_MODULES = YES;
				CLANG_ENABLE_OBJC_ARC = YES;
				CLANG_ENABLE_OBJC_WEAK = YES;
				CLANG_WARN_BLOCK_CAPTURE_AUTORELEASING = YES;
				CLANG_WARN_BOOL_CONVERSION = YES;
				CLANG_WARN_COMMA = YES;
				CLANG_WARN_CONSTANT_CONVERSION = YES;
				CLANG_WARN_DEPRECATED_OBJC_IMPLEMENTATIONS = YES;
				CLANG_WARN_DIRECT_OBJC_ISA_USAGE = YES_ERROR;
				CLANG_WARN_DOCUMENTATION_COMMENTS = YES;
				CLANG_WARN_EMPTY_BODY = YES;
				CLANG_WARN_ENUM_CONVERSION = YES;
				CLANG_WARN_INFINITE_RECURSION = YES;
				CLANG_WARN_INT_CONVERSION = YES;
				CLANG_WARN_NON_LITERAL_NULL_CONVERSION = YES;
				CLANG_WARN_OBJC_IMPLICIT_RETAIN_SELF = YES;
				CLANG_WARN_OBJC_LITERAL_CONVERSION = YES;
				CLANG_WARN_OBJC_ROOT_CLASS = YES_ERROR;
				CLANG_WARN_QUOTED_INCLUDE_IN_FRAMEWORK_HEADER = YES;
				CLANG_WARN_RANGE_LOOP_ANALYSIS = YES;
				CLANG_WARN_STRICT_PROTOTYPES = YES;
				CLANG_WARN_SUSPICIOUS_MOVE = YES;
				CLANG_WARN_UNGUARDED_AVAILABILITY = YES_AGGRESSIVE;
				CLANG_WARN_UNREACHABLE_CODE = YES;
				CLANG_WARN__DUPLICATE_METHOD_MATCH = YES;
				COPY_PHASE_STRIP = NO;
				DEBUG_INFORMATION_FORMAT = "dwarf-with-dsym";
				ENABLE_NS_ASSERTIONS = NO;
				ENABLE_STRICT_OBJC_MSGSEND = YES;
				GCC_C_LANGUAGE_STANDARD = gnu11;
				GCC_NO_COMMON_BLOCKS = YES;
				GCC_WARN_64_TO_32_BIT_CONVERSION = YES;
				GCC_WARN_ABOUT_RETURN_TYPE = YES_ERROR;
				GCC_WARN_UNDECLARED_SELECTOR = YES;
				GCC_WARN_UNINITIALIZED_AUTOS = YES_AGGRESSIVE;
				GCC_WARN_UNUSED_FUNCTION = YES;
				GCC_WARN_UNUSED_VARIABLE = YES;
				IPHONEOS_DEPLOYMENT_TARGET = 14.2;
				MTL_ENABLE_DEBUG_INFO = NO;
				MTL_FAST_MATH = YES;
				SDKROOT = iphoneos;
				SWIFT_COMPILATION_MODE = wholemodule;
				SWIFT_OPTIMIZATION_LEVEL = "-O";
				VALIDATE_PRODUCT = YES;
			};
			name = Release;
		};
		376629BD25A9A097001D7EC8 /* Debug */ = {
			isa = XCBuildConfiguration;
			buildSettings = {
				ASSETCATALOG_COMPILER_APPICON_NAME = AppIcon;
				ASSETCATALOG_COMPILER_GLOBAL_ACCENT_COLOR_NAME = AccentColor;
				CODE_SIGN_STYLE = Automatic;
				DEVELOPMENT_ASSET_PATHS = "\"KBLocalization/Preview Content\"";
				DEVELOPMENT_TEAM = 8Y78N5A25W;
				ENABLE_PREVIEWS = YES;
				INFOPLIST_FILE = KBLocalization/Info.plist;
				IPHONEOS_DEPLOYMENT_TARGET = 14.0;
				LD_RUNPATH_SEARCH_PATHS = (
					"$(inherited)",
					"@executable_path/Frameworks",
				);
				PRODUCT_BUNDLE_IDENTIFIER = KB.KBLocalization;
				PRODUCT_NAME = "$(TARGET_NAME)";
				SWIFT_VERSION = 5.0;
				TARGETED_DEVICE_FAMILY = "1,2";
			};
			name = Debug;
		};
		376629BE25A9A097001D7EC8 /* Release */ = {
			isa = XCBuildConfiguration;
			buildSettings = {
				ASSETCATALOG_COMPILER_APPICON_NAME = AppIcon;
				ASSETCATALOG_COMPILER_GLOBAL_ACCENT_COLOR_NAME = AccentColor;
				CODE_SIGN_STYLE = Automatic;
				DEVELOPMENT_ASSET_PATHS = "\"KBLocalization/Preview Content\"";
				DEVELOPMENT_TEAM = 8Y78N5A25W;
				ENABLE_PREVIEWS = YES;
				INFOPLIST_FILE = KBLocalization/Info.plist;
				IPHONEOS_DEPLOYMENT_TARGET = 14.0;
				LD_RUNPATH_SEARCH_PATHS = (
					"$(inherited)",
					"@executable_path/Frameworks",
				);
				PRODUCT_BUNDLE_IDENTIFIER = KB.KBLocalization;
				PRODUCT_NAME = "$(TARGET_NAME)";
				SWIFT_VERSION = 5.0;
				TARGETED_DEVICE_FAMILY = "1,2";
			};
			name = Release;
		};
		376629C025A9A097001D7EC8 /* Debug */ = {
			isa = XCBuildConfiguration;
			buildSettings = {
				ALWAYS_EMBED_SWIFT_STANDARD_LIBRARIES = YES;
				BUNDLE_LOADER = "$(TEST_HOST)";
				CODE_SIGN_STYLE = Automatic;
				DEVELOPMENT_TEAM = 8Y78N5A25W;
				INFOPLIST_FILE = KBLocalizationTests/Info.plist;
				IPHONEOS_DEPLOYMENT_TARGET = 14.0;
				LD_RUNPATH_SEARCH_PATHS = (
					"$(inherited)",
					"@executable_path/Frameworks",
					"@loader_path/Frameworks",
				);
				PRODUCT_BUNDLE_IDENTIFIER = KB.KBLocalizationTests;
				PRODUCT_NAME = "$(TARGET_NAME)";
				SWIFT_VERSION = 5.0;
				TARGETED_DEVICE_FAMILY = "1,2";
				TEST_HOST = "$(BUILT_PRODUCTS_DIR)/KBLocalization.app/KBLocalization";
			};
			name = Debug;
		};
		376629C125A9A097001D7EC8 /* Release */ = {
			isa = XCBuildConfiguration;
			buildSettings = {
				ALWAYS_EMBED_SWIFT_STANDARD_LIBRARIES = YES;
				BUNDLE_LOADER = "$(TEST_HOST)";
				CODE_SIGN_STYLE = Automatic;
				DEVELOPMENT_TEAM = 8Y78N5A25W;
				INFOPLIST_FILE = KBLocalizationTests/Info.plist;
				IPHONEOS_DEPLOYMENT_TARGET = 14.0;
				LD_RUNPATH_SEARCH_PATHS = (
					"$(inherited)",
					"@executable_path/Frameworks",
					"@loader_path/Frameworks",
				);
				PRODUCT_BUNDLE_IDENTIFIER = KB.KBLocalizationTests;
				PRODUCT_NAME = "$(TARGET_NAME)";
				SWIFT_VERSION = 5.0;
				TARGETED_DEVICE_FAMILY = "1,2";
				TEST_HOST = "$(BUILT_PRODUCTS_DIR)/KBLocalization.app/KBLocalization";
			};
			name = Release;
		};
		376629C325A9A097001D7EC8 /* Debug */ = {
			isa = XCBuildConfiguration;
			buildSettings = {
				ALWAYS_EMBED_SWIFT_STANDARD_LIBRARIES = YES;
				CODE_SIGN_STYLE = Automatic;
				DEVELOPMENT_TEAM = 8Y78N5A25W;
				INFOPLIST_FILE = KBLocalizationUITests/Info.plist;
				LD_RUNPATH_SEARCH_PATHS = (
					"$(inherited)",
					"@executable_path/Frameworks",
					"@loader_path/Frameworks",
				);
				PRODUCT_BUNDLE_IDENTIFIER = KB.KBLocalizationUITests;
				PRODUCT_NAME = "$(TARGET_NAME)";
				SWIFT_VERSION = 5.0;
				TARGETED_DEVICE_FAMILY = "1,2";
				TEST_TARGET_NAME = KBLocalization;
			};
			name = Debug;
		};
		376629C425A9A097001D7EC8 /* Release */ = {
			isa = XCBuildConfiguration;
			buildSettings = {
				ALWAYS_EMBED_SWIFT_STANDARD_LIBRARIES = YES;
				CODE_SIGN_STYLE = Automatic;
				DEVELOPMENT_TEAM = 8Y78N5A25W;
				INFOPLIST_FILE = KBLocalizationUITests/Info.plist;
				LD_RUNPATH_SEARCH_PATHS = (
					"$(inherited)",
					"@executable_path/Frameworks",
					"@loader_path/Frameworks",
				);
				PRODUCT_BUNDLE_IDENTIFIER = KB.KBLocalizationUITests;
				PRODUCT_NAME = "$(TARGET_NAME)";
				SWIFT_VERSION = 5.0;
				TARGETED_DEVICE_FAMILY = "1,2";
				TEST_TARGET_NAME = KBLocalization;
			};
			name = Release;
		};
/* End XCBuildConfiguration section */

/* Begin XCConfigurationList section */
		3766299225A9A093001D7EC8 /* Build configuration list for PBXProject "KBLocalization" */ = {
			isa = XCConfigurationList;
			buildConfigurations = (
				376629BA25A9A097001D7EC8 /* Debug */,
				376629BB25A9A097001D7EC8 /* Release */,
			);
			defaultConfigurationIsVisible = 0;
			defaultConfigurationName = Release;
		};
		376629BC25A9A097001D7EC8 /* Build configuration list for PBXNativeTarget "KBLocalization" */ = {
			isa = XCConfigurationList;
			buildConfigurations = (
				376629BD25A9A097001D7EC8 /* Debug */,
				376629BE25A9A097001D7EC8 /* Release */,
			);
			defaultConfigurationIsVisible = 0;
			defaultConfigurationName = Release;
		};
		376629BF25A9A097001D7EC8 /* Build configuration list for PBXNativeTarget "KBLocalizationTests" */ = {
			isa = XCConfigurationList;
			buildConfigurations = (
				376629C025A9A097001D7EC8 /* Debug */,
				376629C125A9A097001D7EC8 /* Release */,
			);
			defaultConfigurationIsVisible = 0;
			defaultConfigurationName = Release;
		};
		376629C225A9A097001D7EC8 /* Build configuration list for PBXNativeTarget "KBLocalizationUITests" */ = {
			isa = XCConfigurationList;
			buildConfigurations = (
				376629C325A9A097001D7EC8 /* Debug */,
				376629C425A9A097001D7EC8 /* Release */,
			);
			defaultConfigurationIsVisible = 0;
			defaultConfigurationName = Release;
		};
/* End XCConfigurationList section */
	};
	rootObject = 3766298F25A9A093001D7EC8 /* Project object */;
}
